git-private.127.0.0.1.sslip.io/foo.git v0.0.0-20250312185939-e7bf19abfd77 h1:IJ6SiucMsd0bjPwuj3VIGCHN225+0lCU1OZSmsg3Rjk=
git-private.127.0.0.1.sslip.io/foo.git v0.0.0-20250312185939-e7bf19abfd77/go.mod h1:rG9yzCHOSu2zUBmaB7GEu7RBsjiJZRUP1hy26O5CLsc=
git-private.127.0.0.1.sslip.io/foo.git v0.0.0-20250319130200-b1126104a200 h1:moO2xbNMRhtKOUjzkXNgtv0y3k2Xo+xP9N4MagWSXe0=
git-private.127.0.0.1.sslip.io/foo.git v0.0.0-20250319130200-b1126104a200/go.mod h1:8MJdyAVONQdluGP17pXr5Lu//oVu7YHyXBE29FDEEng=
